
Microsoft Visual Studio Solution File, Format Version 12.00
# Visual Studio 15
VisualStudioVersion = 15.0.28307.539
MinimumVisualStudioVersion = 10.0.40219.1
Project("{8BC9CEB8-8B4A-11D0-8D11-00A0C91BC942}") = "WTL_Windows", "WTL_Windows\WTL_Windows.vcxproj", "{B7CE6B2B-BFDB-49F1-B9F0-F6278EF86882}"
EndProject
Global
	GlobalSection(SolutionConfigurationPlatforms) = preSolution
		Debug|x64 = Debug|x64
		Debug|x86 = Debug|x86
		Release|x64 = Release|x64
		Release|x86 = Release|x86
	EndGlobalSection
	GlobalSection(ProjectConfigurationPlatforms) = postSolution
		{B7CE6B2B-BFDB-49F1-B9F0-F6278EF86882}.Debug|x64.ActiveCfg = Debug|x64
		{B7CE6B2B-BFDB-49F1-B9F0-F6278EF86882}.Debug|x64.Build.0 = Debug|x64
		{B7CE6B2B-BFDB-49F1-B9F0-F6278EF86882}.Debug|x86.ActiveCfg = Debug|Win32
		{B7CE6B2B-BFDB-49F1-B9F0-F6278EF86882}.Debug|x86.Build.0 = Debug|Win32
		{B7CE6B2B-BFDB-49F1-B9F0-F6278EF86882}.Release|x64.ActiveCfg = Release|x64
		{B7CE6B2B-BFDB-49F1-B9F0-F6278EF86882}.Release|x64.Build.0 = Release|x64
		{B7CE6B2B-BFDB-49F1-B9F0-F6278EF86882}.Release|x86.ActiveCfg = Release|Win32
		{B7CE6B2B-BFDB-49F1-B9F0-F6278EF86882}.Release|x86.Build.0 = Release|Win32
	EndGlobalSection
	GlobalSection(SolutionProperties) = preSolution
		HideSolutionNode = FALSE
	EndGlobalSection
	GlobalSection(ExtensibilityGlobals) = postSolution
		SolutionGuid = {A7A74B50-1BE7-4999-9FD4-BD42DAC8D425}
	EndGlobalSection
EndGlobal
